
Microsoft Visual Studio Solution File, Format Version 12.00
# Visual Studio Version 16
VisualStudioVersion = 16.0.31129.286
MinimumVisualStudioVersion = 10.0.40219.1
Project("{9A19103F-16F7-4668-BE54-9A1E7A4F7556}") = "CsSimConnectUI", "CsSimConnectUI\CsSimConnectUI.csproj", "{C34673BB-9158-42BB-9A3C-6980ADD7A369}"
	ProjectSection(ProjectDependencies) = postProject
		{E330D408-092B-4328-9E01-0B4115A0F939} = {E330D408-092B-4328-9E01-0B4115A0F939}
		{AF4EEAE1-CEB4-44C3-91D4-E890787C468A} = {AF4EEAE1-CEB4-44C3-91D4-E890787C468A}
	EndProjectSection
EndProject
Project("{8BC9CEB8-8B4A-11D0-8D11-00A0C91BC942}") = "CsSimConnectInterOp", "CsSimConnectInterOp\CsSimConnectInterOp.vcxproj", "{E330D408-092B-4328-9E01-0B4115A0F939}"
EndProject
Project("{9A19103F-16F7-4668-BE54-9A1E7A4F7556}") = "CsSimConnect", "CsSimConnect\CsSimConnect.csproj", "{AF4EEAE1-CEB4-44C3-91D4-E890787C468A}"
	ProjectSection(ProjectDependencies) = postProject
		{E330D408-092B-4328-9E01-0B4115A0F939} = {E330D408-092B-4328-9E01-0B4115A0F939}
	EndProjectSection
EndProject
Project("{2150E333-8FDC-42A3-9474-1A3956D46DE8}") = "Solution Items", "Solution Items", "{1570D2CB-116D-49EC-9F84-A6B282903AD9}"
	ProjectSection(SolutionItems) = preProject
		LICENSE = LICENSE
		rakisLog.properties = rakisLog.properties
		README.md = README.md
		SimulatorTypes.json = SimulatorTypes.json
	EndProjectSection
EndProject
Global
	GlobalSection(SolutionConfigurationPlatforms) = preSolution
		MSFS2020_Debug|x64 = MSFS2020_Debug|x64
		MSFS2020_Release|x64 = MSFS2020_Release|x64
		P3Dv4_Debug|x64 = P3Dv4_Debug|x64
		P3Dv4_Release|x64 = P3Dv4_Release|x64
		P3Dv5_Debug|x64 = P3Dv5_Debug|x64
		P3Dv5_Release|x64 = P3Dv5_Release|x64
	EndGlobalSection
	GlobalSection(ProjectConfigurationPlatforms) = postSolution
		{C34673BB-9158-42BB-9A3C-6980ADD7A369}.MSFS2020_Debug|x64.ActiveCfg = MSFS2020_Debug|Any CPU
		{C34673BB-9158-42BB-9A3C-6980ADD7A369}.MSFS2020_Debug|x64.Build.0 = MSFS2020_Debug|Any CPU
		{C34673BB-9158-42BB-9A3C-6980ADD7A369}.MSFS2020_Release|x64.ActiveCfg = MSFS2020_Release|Any CPU
		{C34673BB-9158-42BB-9A3C-6980ADD7A369}.MSFS2020_Release|x64.Build.0 = MSFS2020_Release|Any CPU
		{C34673BB-9158-42BB-9A3C-6980ADD7A369}.P3Dv4_Debug|x64.ActiveCfg = P3Dv4_Debug|Any CPU
		{C34673BB-9158-42BB-9A3C-6980ADD7A369}.P3Dv4_Debug|x64.Build.0 = P3Dv4_Debug|Any CPU
		{C34673BB-9158-42BB-9A3C-6980ADD7A369}.P3Dv4_Release|x64.ActiveCfg = P3Dv4_Release|Any CPU
		{C34673BB-9158-42BB-9A3C-6980ADD7A369}.P3Dv4_Release|x64.Build.0 = P3Dv4_Release|Any CPU
		{C34673BB-9158-42BB-9A3C-6980ADD7A369}.P3Dv5_Debug|x64.ActiveCfg = P3Dv5_Debug|Any CPU
		{C34673BB-9158-42BB-9A3C-6980ADD7A369}.P3Dv5_Debug|x64.Build.0 = P3Dv5_Debug|Any CPU
		{C34673BB-9158-42BB-9A3C-6980ADD7A369}.P3Dv5_Release|x64.ActiveCfg = P3Dv5_Release|Any CPU
		{C34673BB-9158-42BB-9A3C-6980ADD7A369}.P3Dv5_Release|x64.Build.0 = P3Dv5_Release|Any CPU
		{E330D408-092B-4328-9E01-0B4115A0F939}.MSFS2020_Debug|x64.ActiveCfg = MSFS2020_Debug|x64
		{E330D408-092B-4328-9E01-0B4115A0F939}.MSFS2020_Debug|x64.Build.0 = MSFS2020_Debug|x64
		{E330D408-092B-4328-9E01-0B4115A0F939}.MSFS2020_Release|x64.ActiveCfg = MSFS2020_Release|x64
		{E330D408-092B-4328-9E01-0B4115A0F939}.MSFS2020_Release|x64.Build.0 = MSFS2020_Release|x64
		{E330D408-092B-4328-9E01-0B4115A0F939}.P3Dv4_Debug|x64.ActiveCfg = P3Dv4_Debug|x64
		{E330D408-092B-4328-9E01-0B4115A0F939}.P3Dv4_Debug|x64.Build.0 = P3Dv4_Debug|x64
		{E330D408-092B-4328-9E01-0B4115A0F939}.P3Dv4_Release|x64.ActiveCfg = P3Dv4_Release|x64
		{E330D408-092B-4328-9E01-0B4115A0F939}.P3Dv4_Release|x64.Build.0 = P3Dv4_Release|x64
		{E330D408-092B-4328-9E01-0B4115A0F939}.P3Dv5_Debug|x64.ActiveCfg = P3Dv5_Debug|x64
		{E330D408-092B-4328-9E01-0B4115A0F939}.P3Dv5_Debug|x64.Build.0 = P3Dv5_Debug|x64
		{E330D408-092B-4328-9E01-0B4115A0F939}.P3Dv5_Release|x64.ActiveCfg = P3Dv5_Release|x64
		{E330D408-092B-4328-9E01-0B4115A0F939}.P3Dv5_Release|x64.Build.0 = P3Dv5_Release|x64
		{AF4EEAE1-CEB4-44C3-91D4-E890787C468A}.MSFS2020_Debug|x64.ActiveCfg = MSFS2020_Debug|Any CPU
		{AF4EEAE1-CEB4-44C3-91D4-E890787C468A}.MSFS2020_Debug|x64.Build.0 = MSFS2020_Debug|Any CPU
		{AF4EEAE1-CEB4-44C3-91D4-E890787C468A}.MSFS2020_Release|x64.ActiveCfg = MSFS2020_Release|Any CPU
		{AF4EEAE1-CEB4-44C3-91D4-E890787C468A}.MSFS2020_Release|x64.Build.0 = MSFS2020_Release|Any CPU
		{AF4EEAE1-CEB4-44C3-91D4-E890787C468A}.P3Dv4_Debug|x64.ActiveCfg = P3Dv4_Debug|Any CPU
		{AF4EEAE1-CEB4-44C3-91D4-E890787C468A}.P3Dv4_Debug|x64.Build.0 = P3Dv4_Debug|Any CPU
		{AF4EEAE1-CEB4-44C3-91D4-E890787C468A}.P3Dv4_Release|x64.ActiveCfg = P3Dv4_Release|Any CPU
		{AF4EEAE1-CEB4-44C3-91D4-E890787C468A}.P3Dv4_Release|x64.Build.0 = P3Dv4_Release|Any CPU
		{AF4EEAE1-CEB4-44C3-91D4-E890787C468A}.P3Dv5_Debug|x64.ActiveCfg = P3Dv5_Debug|Any CPU
		{AF4EEAE1-CEB4-44C3-91D4-E890787C468A}.P3Dv5_Debug|x64.Build.0 = P3Dv5_Debug|Any CPU
		{AF4EEAE1-CEB4-44C3-91D4-E890787C468A}.P3Dv5_Release|x64.ActiveCfg = P3Dv5_Release|Any CPU
		{AF4EEAE1-CEB4-44C3-91D4-E890787C468A}.P3Dv5_Release|x64.Build.0 = P3Dv5_Release|Any CPU
	EndGlobalSection
	GlobalSection(SolutionProperties) = preSolution
		HideSolutionNode = FALSE
	EndGlobalSection
	GlobalSection(ExtensibilityGlobals) = postSolution
		SolutionGuid = {E727197A-E166-45F2-A70D-13739E1E6CCE}
	EndGlobalSection
EndGlobal
